Microsoft Visual Studio Solution File, Format Version 11.00
# Visual Studio 2008

Project("{70FA3725-F457-3935-B603-E70EFF828B09}") = "myFinalGameProject", "Assembly-CSharp-firstpass.csproj", "{D6AB5147-1372-D7BC-F569-23B9F7104B4F}"
EndProject
Project("{70FA3725-F457-3935-B603-E70EFF828B09}") = "myFinalGameProject", "Assembly-CSharp.csproj", "{37D3370B-9ACC-676B-207C-FE24E5BF7856}"
EndProject
Project("{70FA3725-F457-3935-B603-E70EFF828B09}") = "myFinalGameProject", "Assembly-CSharp-Editor.csproj", "{135686A5-A18C-8E22-2D1E-F03D54C4C543}"
EndProject
Project("{70FA3725-F457-3935-B603-E70EFF828B09}") = "myFinalGameProject", "Assembly-UnityScript-firstpass.unityproj", "{969694B4-DC9E-F019-3D46-A0C67C60C609}"
EndProject
Global
	GlobalSection(SolutionConfigurationPlatforms) = preSolution
		Debug|Any CPU = Debug|Any CPU
		Release|Any CPU = Release|Any CPU
	EndGlobalSection
	GlobalSection(ProjectConfigurationPlatforms) = postSolution
		{D6AB5147-1372-D7BC-F569-23B9F7104B4F}.Debug|Any CPU.ActiveCfg = Debug|Any CPU
		{D6AB5147-1372-D7BC-F569-23B9F7104B4F}.Debug|Any CPU.Build.0 = Debug|Any CPU
		{D6AB5147-1372-D7BC-F569-23B9F7104B4F}.Release|Any CPU.ActiveCfg = Release|Any CPU
		{D6AB5147-1372-D7BC-F569-23B9F7104B4F}.Release|Any CPU.Build.0 = Release|Any CPU
		{37D3370B-9ACC-676B-207C-FE24E5BF7856}.Debug|Any CPU.ActiveCfg = Debug|Any CPU
		{37D3370B-9ACC-676B-207C-FE24E5BF7856}.Debug|Any CPU.Build.0 = Debug|Any CPU
		{37D3370B-9ACC-676B-207C-FE24E5BF7856}.Release|Any CPU.ActiveCfg = Release|Any CPU
		{37D3370B-9ACC-676B-207C-FE24E5BF7856}.Release|Any CPU.Build.0 = Release|Any CPU
		{135686A5-A18C-8E22-2D1E-F03D54C4C543}.Debug|Any CPU.ActiveCfg = Debug|Any CPU
		{135686A5-A18C-8E22-2D1E-F03D54C4C543}.Debug|Any CPU.Build.0 = Debug|Any CPU
		{135686A5-A18C-8E22-2D1E-F03D54C4C543}.Release|Any CPU.ActiveCfg = Release|Any CPU
		{135686A5-A18C-8E22-2D1E-F03D54C4C543}.Release|Any CPU.Build.0 = Release|Any CPU
		{969694B4-DC9E-F019-3D46-A0C67C60C609}.Debug|Any CPU.ActiveCfg = Debug|Any CPU
		{969694B4-DC9E-F019-3D46-A0C67C60C609}.Debug|Any CPU.Build.0 = Debug|Any CPU
		{969694B4-DC9E-F019-3D46-A0C67C60C609}.Release|Any CPU.ActiveCfg = Release|Any CPU
		{969694B4-DC9E-F019-3D46-A0C67C60C609}.Release|Any CPU.Build.0 = Release|Any CPU
	EndGlobalSection
	GlobalSection(SolutionProperties) = preSolution
		HideSolutionNode = FALSE
	EndGlobalSection
																																																																																																																																																																																																																																																																																																	GlobalSection(MonoDevelopProperties) = preSolution
		StartupItem = Assembly-CSharp.csproj
		Policies = $0
		$0.TextStylePolicy = $1
		$1.inheritsSet = null
		$1.scope = text/x-csharp
		$0.CSharpFormattingPolicy = $2
		$2.inheritsSet = Mono
		$2.inheritsScope = text/x-csharp
		$2.scope = text/x-csharp
		$0.TextStylePolicy = $3
		$3.FileWidth = 120
		$3.TabWidth = 4
		$3.IndentWidth = 4
		$3.EolMarker = Unix
		$3.inheritsSet = Mono
		$3.inheritsScope = text/plain
		$3.scope = text/plain
	EndGlobalSection

EndGlobal
